// !$*UTF8*$!
{
	archiveVersion = 1;
	classes = {
	};
	objectVersion = 50;
	objects = {

/* Begin PBXBuildFile section */
		9704343B2851219A00F5EEB9 /* LocalState.swift in Sources */ = {isa = PBXBuildFile; fileRef = 9704343A2851219A00F5EEB9 /* LocalState.swift */; };
		9704343F285148FA00F5EEB9 /* UIViewController.swift in Sources */ = {isa = PBXBuildFile; fileRef = 9704343E285148FA00F5EEB9 /* UIViewController.swift */; };
		9704344228514A7900F5EEB9 /* MainViewController.swift in Sources */ = {isa = PBXBuildFile; fileRef = 9704344128514A7900F5EEB9 /* MainViewController.swift */; };
		9704344E2852887500F5EEB9 /* AccountSummaryHeaderView.xib in Resources */ = {isa = PBXBuildFile; fileRef = 9704344D2852887500F5EEB9 /* AccountSummaryHeaderView.xib */; };
		970461E8284D535F009E0A0C /* Assets.xcassets in Resources */ = {isa = PBXBuildFile; fileRef = 970461E7284D535F009E0A0C /* Assets.xcassets */; };
		970461EB284D535F009E0A0C /* LaunchScreen.storyboard in Resources */ = {isa = PBXBuildFile; fileRef = 970461E9284D535F009E0A0C /* LaunchScreen.storyboard */; };
		970461FF284D6A10009E0A0C /* LoginView.swift in Sources */ = {isa = PBXBuildFile; fileRef = 970461FE284D6A10009E0A0C /* LoginView.swift */; };
		97046202284D6E4B009E0A0C /* LoginViewController.swift in Sources */ = {isa = PBXBuildFile; fileRef = 970461F5284D68D4009E0A0C /* LoginViewController.swift */; };
		979ED921284EC59E00D83031 /* OnboardingContainerViewController.swift in Sources */ = {isa = PBXBuildFile; fileRef = 979ED920284EC59E00D83031 /* OnboardingContainerViewController.swift */; };
		97BA2FC5284FAC6900E845B4 /* OnboardingViewController.swift in Sources */ = {isa = PBXBuildFile; fileRef = 97BA2FC1284FAAAC00E845B4 /* OnboardingViewController.swift */; };
		97BA2FC8284FAC6E00E845B4 /* AppDelegate.swift in Sources */ = {isa = PBXBuildFile; fileRef = 970461DE284D535D009E0A0C /* AppDelegate.swift */; };
		97BA2FCB284FE6B900E845B4 /* DummyViewController.swift in Sources */ = {isa = PBXBuildFile; fileRef = 97BA2FCA284FE6B900E845B4 /* DummyViewController.swift */; };
		97E3D26F2853CA7F0046EC5C /* AccountSummaryHeaderView.swift in Sources */ = {isa = PBXBuildFile; fileRef = 9704344A2852883C00F5EEB9 /* AccountSummaryHeaderView.swift */; };
		97E3D2712853CA820046EC5C /* AccountSummaryViewController.swift in Sources */ = {isa = PBXBuildFile; fileRef = 97043446285269EE00F5EEB9 /* AccountSummaryViewController.swift */; };
		97E3D27C2853CAED0046EC5C /* AccountSummaryCell.swift in Sources */ = {isa = PBXBuildFile; fileRef = 97E3D27B2853CAED0046EC5C /* AccountSummaryCell.swift */; };
/* End PBXBuildFile section */

/* Begin PBXFileReference section */
		9704343A2851219A00F5EEB9 /* LocalState.swift */ = {isa = PBXFileReference; lastKnownFileType = sourcecode.swift; path = LocalState.swift; sourceTree = "<group>"; };
		9704343E285148FA00F5EEB9 /* UIViewController.swift */ = {isa = PBXFileReference; lastKnownFileType = sourcecode.swift; path = UIViewController.swift; sourceTree = "<group>"; };
		9704344128514A7900F5EEB9 /* MainViewController.swift */ = {isa = PBXFileReference; lastKnownFileType = sourcecode.swift; path = MainViewController.swift; sourceTree = "<group>"; };
		97043446285269EE00F5EEB9 /* AccountSummaryViewController.swift */ = {isa = PBXFileReference; lastKnownFileType = sourcecode.swift; path = AccountSummaryViewController.swift; sourceTree = "<group>"; };
		9704344A2852883C00F5EEB9 /* AccountSummaryHeaderView.swift */ = {isa = PBXFileReference; lastKnownFileType = sourcecode.swift; path = AccountSummaryHeaderView.swift; sourceTree = "<group>"; };
		9704344D2852887500F5EEB9 /* AccountSummaryHeaderView.xib */ = {isa = PBXFileReference; lastKnownFileType = file.xib; path = AccountSummaryHeaderView.xib; sourceTree = "<group>"; };
		970461DB284D535D009E0A0C /* Bankey.app */ = {isa = PBXFileReference; explicitFileType = wrapper.application; includeInIndex = 0; path = Bankey.app; sourceTree = BUILT_PRODUCTS_DIR; };
		970461DE284D535D009E0A0C /* AppDelegate.swift */ = {isa = PBXFileReference; lastKnownFileType = sourcecode.swift; path = AppDelegate.swift; sourceTree = "<group>"; };
		970461E7284D535F009E0A0C /* Assets.xcassets */ = {isa = PBXFileReference; lastKnownFileType = folder.assetcatalog; path = Assets.xcassets; sourceTree = "<group>"; };
		970461EA284D535F009E0A0C /* Base */ = {isa = PBXFileReference; lastKnownFileType = file.storyboard; name = Base; path = Base.lproj/LaunchScreen.storyboard; sourceTree = "<group>"; };
		970461EC284D535F009E0A0C /* Info.plist */ = {isa = PBXFileReference; lastKnownFileType = text.plist.xml; path = Info.plist; sourceTree = "<group>"; };
		970461F5284D68D4009E0A0C /* LoginViewController.swift */ = {isa = PBXFileReference; lastKnownFileType = sourcecode.swift; path = LoginViewController.swift; sourceTree = "<group>"; };
		970461FE284D6A10009E0A0C /* LoginView.swift */ = {isa = PBXFileReference; lastKnownFileType = sourcecode.swift; path = LoginView.swift; sourceTree = "<group>"; };
		979ED920284EC59E00D83031 /* OnboardingContainerViewController.swift */ = {isa = PBXFileReference; lastKnownFileType = sourcecode.swift; path = OnboardingContainerViewController.swift; sourceTree = "<group>"; };
		97BA2FC1284FAAAC00E845B4 /* OnboardingViewController.swift */ = {isa = PBXFileReference; lastKnownFileType = sourcecode.swift; path = OnboardingViewController.swift; sourceTree = "<group>"; };
		97BA2FCA284FE6B900E845B4 /* DummyViewController.swift */ = {isa = PBXFileReference; lastKnownFileType = sourcecode.swift; path = DummyViewController.swift; sourceTree = "<group>"; };
		97E3D27B2853CAED0046EC5C /* AccountSummaryCell.swift */ = {isa = PBXFileReference; lastKnownFileType = sourcecode.swift; path = AccountSummaryCell.swift; sourceTree = "<group>"; };
/* End PBXFileReference section */

/* Begin PBXFrameworksBuildPhase section */
		970461D8284D535D009E0A0C /* Frameworks */ = {
			isa = PBXFrameworksBuildPhase;
			buildActionMask = 2147483647;
			files = (
			);
			runOnlyForDeploymentPostprocessing = 0;
		};
/* End PBXFrameworksBuildPhase section */

/* Begin PBXGroup section */
		970434392851218D00F5EEB9 /* Utils */ = {
			isa = PBXGroup;
			children = (
				9704343A2851219A00F5EEB9 /* LocalState.swift */,
				9704343E285148FA00F5EEB9 /* UIViewController.swift */,
			);
			path = Utils;
			sourceTree = "<group>";
		};
		97043445285269CA00F5EEB9 /* AccountSummary */ = {
			isa = PBXGroup;
			children = (
				97043446285269EE00F5EEB9 /* AccountSummaryViewController.swift */,
				97E3D26C2853C9C20046EC5C /* Header */,
				97E3D26D2853C9FD0046EC5C /* Cells */,
			);
			path = AccountSummary;
			sourceTree = "<group>";
		};
		970461D2284D535D009E0A0C = {
			isa = PBXGroup;
			children = (
				970461DD284D535D009E0A0C /* Bankey */,
				970461DC284D535D009E0A0C /* Products */,
			);
			sourceTree = "<group>";
		};
		970461DC284D535D009E0A0C /* Products */ = {
			isa = PBXGroup;
			children = (
				970461DB284D535D009E0A0C /* Bankey.app */,
			);
			name = Products;
			sourceTree = "<group>";
		};
		970461DD284D535D009E0A0C /* Bankey */ = {
			isa = PBXGroup;
			children = (
				970461DE284D535D009E0A0C /* AppDelegate.swift */,
				9704344128514A7900F5EEB9 /* MainViewController.swift */,
				97043445285269CA00F5EEB9 /* AccountSummary */,
				979ED91F284EC56300D83031 /* Onboarding */,
				970461FD284D69D4009E0A0C /* Login */,
				970434392851218D00F5EEB9 /* Utils */,
				970461FC284D6986009E0A0C /* Files */,
			);
			path = Bankey;
			sourceTree = "<group>";
		};
		970461FC284D6986009E0A0C /* Files */ = {
			isa = PBXGroup;
			children = (
				970461E7284D535F009E0A0C /* Assets.xcassets */,
				970461E9284D535F009E0A0C /* LaunchScreen.storyboard */,
				970461EC284D535F009E0A0C /* Info.plist */,
			);
			name = Files;
			sourceTree = "<group>";
		};
		970461FD284D69D4009E0A0C /* Login */ = {
			isa = PBXGroup;
			children = (
				970461F5284D68D4009E0A0C /* LoginViewController.swift */,
				970461FE284D6A10009E0A0C /* LoginView.swift */,
				97BA2FCA284FE6B900E845B4 /* DummyViewController.swift */,
			);
			path = Login;
			sourceTree = "<group>";
		};
		979ED91F284EC56300D83031 /* Onboarding */ = {
			isa = PBXGroup;
			children = (
				979ED920284EC59E00D83031 /* OnboardingContainerViewController.swift */,
				97BA2FC1284FAAAC00E845B4 /* OnboardingViewController.swift */,
			);
			path = Onboarding;
			sourceTree = "<group>";
		};
		97E3D26C2853C9C20046EC5C /* Header */ = {
			isa = PBXGroup;
			children = (
				9704344A2852883C00F5EEB9 /* AccountSummaryHeaderView.swift */,
				9704344D2852887500F5EEB9 /* AccountSummaryHeaderView.xib */,
			);
			path = Header;
			sourceTree = "<group>";
		};
		97E3D26D2853C9FD0046EC5C /* Cells */ = {
			isa = PBXGroup;
			children = (
				97E3D27B2853CAED0046EC5C /* AccountSummaryCell.swift */,
			);
			path = Cells;
			sourceTree = "<group>";
		};
/* End PBXGroup section */

/* Begin PBXNativeTarget section */
		970461DA284D535D009E0A0C /* Bankey */ = {
			isa = PBXNativeTarget;
			buildConfigurationList = 970461EF284D535F009E0A0C /* Build configuration list for PBXNativeTarget "Bankey" */;
			buildPhases = (
				970461D7284D535D009E0A0C /* Sources */,
				970461D8284D535D009E0A0C /* Frameworks */,
				970461D9284D535D009E0A0C /* Resources */,
			);
			buildRules = (
			);
			dependencies = (
			);
			name = Bankey;
			productName = Bankey;
			productReference = 970461DB284D535D009E0A0C /* Bankey.app */;
			productType = "com.apple.product-type.application";
		};
/* End PBXNativeTarget section */

/* Begin PBXProject section */
		970461D3284D535D009E0A0C /* Project object */ = {
			isa = PBXProject;
			attributes = {
				LastSwiftUpdateCheck = 1240;
				LastUpgradeCheck = 1240;
				TargetAttributes = {
					970461DA284D535D009E0A0C = {
						CreatedOnToolsVersion = 12.4;
					};
				};
			};
			buildConfigurationList = 970461D6284D535D009E0A0C /* Build configuration list for PBXProject "Bankey" */;
			compatibilityVersion = "Xcode 9.3";
			developmentRegion = en;
			hasScannedForEncodings = 0;
			knownRegions = (
				en,
				Base,
			);
			mainGroup = 970461D2284D535D009E0A0C;
			productRefGroup = 970461DC284D535D009E0A0C /* Products */;
			projectDirPath = "";
			projectRoot = "";
			targets = (
				970461DA284D535D009E0A0C /* Bankey */,
			);
		};
/* End PBXProject section */

/* Begin PBXResourcesBuildPhase section */
		970461D9284D535D009E0A0C /* Resources */ = {
			isa = PBXResourcesBuildPhase;
			buildActionMask = 2147483647;
			files = (
				9704344E2852887500F5EEB9 /* AccountSummaryHeaderView.xib in Resources */,
				970461EB284D535F009E0A0C /* LaunchScreen.storyboard in Resources */,
				970461E8284D535F009E0A0C /* Assets.xcassets in Resources */,
			);
			runOnlyForDeploymentPostprocessing = 0;
		};
/* End PBXResourcesBuildPhase section */

/* Begin PBXSourcesBuildPhase section */
		970461D7284D535D009E0A0C /* Sources */ = {
			isa = PBXSourcesBuildPhase;
			buildActionMask = 2147483647;
			files = (
				97046202284D6E4B009E0A0C /* LoginViewController.swift in Sources */,
				9704343B2851219A00F5EEB9 /* LocalState.swift in Sources */,
				97BA2FCB284FE6B900E845B4 /* DummyViewController.swift in Sources */,
				97E3D26F2853CA7F0046EC5C /* AccountSummaryHeaderView.swift in Sources */,
				970461FF284D6A10009E0A0C /* LoginView.swift in Sources */,
				97BA2FC5284FAC6900E845B4 /* OnboardingViewController.swift in Sources */,
				97E3D27C2853CAED0046EC5C /* AccountSummaryCell.swift in Sources */,
				97BA2FC8284FAC6E00E845B4 /* AppDelegate.swift in Sources */,
				9704344228514A7900F5EEB9 /* MainViewController.swift in Sources */,
				97E3D2712853CA820046EC5C /* AccountSummaryViewController.swift in Sources */,
				9704343F285148FA00F5EEB9 /* UIViewController.swift in Sources */,
				979ED921284EC59E00D83031 /* OnboardingContainerViewController.swift in Sources */,
			);
			runOnlyForDeploymentPostprocessing = 0;
		};
/* End PBXSourcesBuildPhase section */

/* Begin PBXVariantGroup section */
		970461E9284D535F009E0A0C /* LaunchScreen.storyboard */ = {
			isa = PBXVariantGroup;
			children = (
				970461EA284D535F009E0A0C /* Base */,
			);
			name = LaunchScreen.storyboard;
			sourceTree = "<group>";
		};
/* End PBXVariantGroup section */

/* Begin XCBuildConfiguration section */
		970461ED284D535F009E0A0C /* Debug */ = {
			isa = XCBuildConfiguration;
			buildSettings = {
				ALWAYS_SEARCH_USER_PATHS = NO;
				CLANG_ANALYZER_NONNULL = YES;
				CLANG_ANALYZER_NUMBER_OBJECT_CONVERSION = YES_AGGRESSIVE;
				CLANG_CXX_LANGUAGE_STANDARD = "gnu++14";
				CLANG_CXX_LIBRARY = "libc++";
				CLANG_ENABLE_MODULES = YES;
				CLANG_ENABLE_OBJC_ARC = YES;
				CLANG_ENABLE_OBJC_WEAK = YES;
				CLANG_WARN_BLOCK_CAPTURE_AUTORELEASING = YES;
				CLANG_WARN_BOOL_CONVERSION = YES;
				CLANG_WARN_COMMA = YES;
				CLANG_WARN_CONSTANT_CONVERSION = YES;
				CLANG_WARN_DEPRECATED_OBJC_IMPLEMENTATIONS = YES;
				CLANG_WARN_DIRECT_OBJC_ISA_USAGE = YES_ERROR;
				CLANG_WARN_DOCUMENTATION_COMMENTS = YES;
				CLANG_WARN_EMPTY_BODY = YES;
				CLANG_WARN_ENUM_CONVERSION = YES;
				CLANG_WARN_INFINITE_RECURSION = YES;
				CLANG_WARN_INT_CONVERSION = YES;
				CLANG_WARN_NON_LITERAL_NULL_CONVERSION = YES;
				CLANG_WARN_OBJC_IMPLICIT_RETAIN_SELF = YES;
				CLANG_WARN_OBJC_LITERAL_CONVERSION = YES;
				CLANG_WARN_OBJC_ROOT_CLASS = YES_ERROR;
				CLANG_WARN_QUOTED_INCLUDE_IN_FRAMEWORK_HEADER = YES;
				CLANG_WARN_RANGE_LOOP_ANALYSIS = YES;
				CLANG_WARN_STRICT_PROTOTYPES = YES;
				CLANG_WARN_SUSPICIOUS_MOVE = YES;
				CLANG_WARN_UNGUARDED_AVAILABILITY = YES_AGGRESSIVE;
				CLANG_WARN_UNREACHABLE_CODE = YES;
				CLANG_WARN__DUPLICATE_METHOD_MATCH = YES;
				COPY_PHASE_STRIP = NO;
				DEBUG_INFORMATION_FORMAT = dwarf;
				ENABLE_STRICT_OBJC_MSGSEND = YES;
				ENABLE_TESTABILITY = YES;
				GCC_C_LANGUAGE_STANDARD = gnu11;
				GCC_DYNAMIC_NO_PIC = NO;
				GCC_NO_COMMON_BLOCKS = YES;
				GCC_OPTIMIZATION_LEVEL = 0;
				GCC_PREPROCESSOR_DEFINITIONS = (
					"DEBUG=1",
					"$(inherited)",
				);
				GCC_WARN_64_TO_32_BIT_CONVERSION = YES;
				GCC_WARN_ABOUT_RETURN_TYPE = YES_ERROR;
				GCC_WARN_UNDECLARED_SELECTOR = YES;
				GCC_WARN_UNINITIALIZED_AUTOS = YES_AGGRESSIVE;
				GCC_WARN_UNUSED_FUNCTION = YES;
				GCC_WARN_UNUSED_VARIABLE = YES;
				IPHONEOS_DEPLOYMENT_TARGET = 14.4;
				MTL_ENABLE_DEBUG_INFO = INCLUDE_SOURCE;
				MTL_FAST_MATH = YES;
				ONLY_ACTIVE_ARCH = YES;
				SDKROOT = iphoneos;
				SWIFT_ACTIVE_COMPILATION_CONDITIONS = DEBUG;
				SWIFT_OPTIMIZATION_LEVEL = "-Onone";
			};
			name = Debug;
		};
		970461EE284D535F009E0A0C /* Release */ = {
			isa = XCBuildConfiguration;
			buildSettings = {
				ALWAYS_SEARCH_USER_PATHS = NO;
				CLANG_ANALYZER_NONNULL = YES;
				CLANG_ANALYZER_NUMBER_OBJECT_CONVERSION = YES_AGGRESSIVE;
				CLANG_CXX_LANGUAGE_STANDARD = "gnu++14";
				CLANG_CXX_LIBRARY = "libc++";
				CLANG_ENABLE_MODULES = YES;
				CLANG_ENABLE_OBJC_ARC = YES;
				CLANG_ENABLE_OBJC_WEAK = YES;
				CLANG_WARN_BLOCK_CAPTURE_AUTORELEASING = YES;
				CLANG_WARN_BOOL_CONVERSION = YES;
				CLANG_WARN_COMMA = YES;
				CLANG_WARN_CONSTANT_CONVERSION = YES;
				CLANG_WARN_DEPRECATED_OBJC_IMPLEMENTATIONS = YES;
				CLANG_WARN_DIRECT_OBJC_ISA_USAGE = YES_ERROR;
				CLANG_WARN_DOCUMENTATION_COMMENTS = YES;
				CLANG_WARN_EMPTY_BODY = YES;
				CLANG_WARN_ENUM_CONVERSION = YES;
				CLANG_WARN_INFINITE_RECURSION = YES;
				CLANG_WARN_INT_CONVERSION = YES;
				CLANG_WARN_NON_LITERAL_NULL_CONVERSION = YES;
				CLANG_WARN_OBJC_IMPLICIT_RETAIN_SELF = YES;
				CLANG_WARN_OBJC_LITERAL_CONVERSION = YES;
				CLANG_WARN_OBJC_ROOT_CLASS = YES_ERROR;
				CLANG_WARN_QUOTED_INCLUDE_IN_FRAMEWORK_HEADER = YES;
				CLANG_WARN_RANGE_LOOP_ANALYSIS = YES;
				CLANG_WARN_STRICT_PROTOTYPES = YES;
				CLANG_WARN_SUSPICIOUS_MOVE = YES;
				CLANG_WARN_UNGUARDED_AVAILABILITY = YES_AGGRESSIVE;
				CLANG_WARN_UNREACHABLE_CODE = YES;
				CLANG_WARN__DUPLICATE_METHOD_MATCH = YES;
				COPY_PHASE_STRIP = NO;
				DEBUG_INFORMATION_FORMAT = "dwarf-with-dsym";
				ENABLE_NS_ASSERTIONS = NO;
				ENABLE_STRICT_OBJC_MSGSEND = YES;
				GCC_C_LANGUAGE_STANDARD = gnu11;
				GCC_NO_COMMON_BLOCKS = YES;
				GCC_WARN_64_TO_32_BIT_CONVERSION = YES;
				GCC_WARN_ABOUT_RETURN_TYPE = YES_ERROR;
				GCC_WARN_UNDECLARED_SELECTOR = YES;
				GCC_WARN_UNINITIALIZED_AUTOS = YES_AGGRESSIVE;
				GCC_WARN_UNUSED_FUNCTION = YES;
				GCC_WARN_UNUSED_VARIABLE = YES;
				IPHONEOS_DEPLOYMENT_TARGET = 14.4;
				MTL_ENABLE_DEBUG_INFO = NO;
				MTL_FAST_MATH = YES;
				SDKROOT = iphoneos;
				SWIFT_COMPILATION_MODE = wholemodule;
				SWIFT_OPTIMIZATION_LEVEL = "-O";
				VALIDATE_PRODUCT = YES;
			};
			name = Release;
		};
		970461F0284D535F009E0A0C /* Debug */ = {
			isa = XCBuildConfiguration;
			buildSettings = {
				ASSETCATALOG_COMPILER_APPICON_NAME = AppIcon;
				ASSETCATALOG_COMPILER_GLOBAL_ACCENT_COLOR_NAME = AccentColor;
				CODE_SIGN_STYLE = Automatic;
				INFOPLIST_FILE = Bankey/Info.plist;
				IPHONEOS_DEPLOYMENT_TARGET = 14.4;
				LD_RUNPATH_SEARCH_PATHS = (
					"$(inherited)",
					"@executable_path/Frameworks",
				);
				PRODUCT_BUNDLE_IDENTIFIER = com.henriquezani.Bankey;
				PRODUCT_NAME = "$(TARGET_NAME)";
				SWIFT_VERSION = 5.0;
				TARGETED_DEVICE_FAMILY = "1,2";
			};
			name = Debug;
		};
		970461F1284D535F009E0A0C /* Release */ = {
			isa = XCBuildConfiguration;
			buildSettings = {
				ASSETCATALOG_COMPILER_APPICON_NAME = AppIcon;
				ASSETCATALOG_COMPILER_GLOBAL_ACCENT_COLOR_NAME = AccentColor;
				CODE_SIGN_STYLE = Automatic;
				INFOPLIST_FILE = Bankey/Info.plist;
				IPHONEOS_DEPLOYMENT_TARGET = 14.4;
				LD_RUNPATH_SEARCH_PATHS = (
					"$(inherited)",
					"@executable_path/Frameworks",
				);
				PRODUCT_BUNDLE_IDENTIFIER = com.henriquezani.Bankey;
				PRODUCT_NAME = "$(TARGET_NAME)";
				SWIFT_VERSION = 5.0;
				TARGETED_DEVICE_FAMILY = "1,2";
			};
			name = Release;
		};
/* End XCBuildConfiguration section */

/* Begin XCConfigurationList section */
		970461D6284D535D009E0A0C /* Build configuration list for PBXProject "Bankey" */ = {
			isa = XCConfigurationList;
			buildConfigurations = (
				970461ED284D535F009E0A0C /* Debug */,
				970461EE284D535F009E0A0C /* Release */,
			);
			defaultConfigurationIsVisible = 0;
			defaultConfigurationName = Release;
		};
		970461EF284D535F009E0A0C /* Build configuration list for PBXNativeTarget "Bankey" */ = {
			isa = XCConfigurationList;
			buildConfigurations = (
				970461F0284D535F009E0A0C /* Debug */,
				970461F1284D535F009E0A0C /* Release */,
			);
			defaultConfigurationIsVisible = 0;
			defaultConfigurationName = Release;
		};
/* End XCConfigurationList section */
	};
	rootObject = 970461D3284D535D009E0A0C /* Project object */;
}
